%{"espec": {:hex, :espec, "1.4.6", "9ac809d2a7ce64b9dbb468a517fe0c00c0464e4aeb918709ad2ba68a0a0d6536", [], [{:meck, "0.8.7", [hex: :meck, repo: "hexpm", optional: false]}], "hexpm"},
  "meck": {:hex, :meck, "0.8.7", "ebad16ca23f685b07aed3bc011efff65fbaf28881a8adf925428ef5472d390ee", [], [], "hexpm"}}
